<?xml version="1.0" encoding="UTF-8" standalone="yes" ?>
<CodeBlocks_project_file>
	<FileVersion major="1" minor="6" />
	<Project>
		<Option title="Dodgem" />
		<Option pch_mode="2" />
		<Option compiler="gcc" />
		<Build>
			<Target title="Debug">
				<Option output="bin/Debug/dodgem" prefix_auto="1" extension_auto="1" />
				<Option object_output="obj/Debug/" />
				<Option type="0" />
				<Option compiler="gcc" />
				<Compiler>
					<Add option="-g" />
				</Compiler>
			</Target>
			<Target title="Release">
				<Option output="bin/Release/dodgem" prefix_auto="1" extension_auto="1" />
				<Option object_output="obj/Release/" />
				<Option type="0" />
				<Option compiler="gcc" />
				<Compiler>
					<Add option="-O2" />
				</Compiler>
				<Linker>
					<Add option="-s" />
				</Linker>
			</Target>
		</Build>
		<Compiler>
			<Add option="-Wall" />
		</Compiler>
		<Unit filename="Button.cpp" />
		<Unit filename="abilities.cpp" />
		<Unit filename="abilities.hpp" />
		<Unit filename="assets.cpp" />
		<Unit filename="assets.hpp" />
		<Unit filename="background.cpp" />
		<Unit filename="background.hpp" />
		<Unit filename="boss.cpp" />
		<Unit filename="boss.hpp" />
		<Unit filename="bullet.cpp" />
		<Unit filename="bullet.hpp" />
		<Unit filename="button.hpp" />
		<Unit filename="car.cpp" />
		<Unit filename="car.hpp" />
		<Unit filename="coin.cpp" />
		<Unit filename="coin.hpp" />
		<Unit filename="gamestate.cpp" />
		<Unit filename="gamestate.hpp" />
		<Unit filename="gamewindow.cpp" />
		<Unit filename="gamewindow.hpp" />
		<Unit filename="hud.cpp" />
		<Unit filename="hud.hpp" />
		<Unit filename="logic.cpp" />
		<Unit filename="logic.hpp" />
		<Unit filename="main.cpp" />
		<Unit filename="obstacle.cpp" />
		<Unit filename="obstacle.hpp" />
		<Unit filename="params.hpp" />
		<Unit filename="timer.cpp" />
		<Unit filename="timer.hpp" />
		<Unit filename="vfx.cpp" />
		<Unit filename="vfx.hpp" />
		<Extensions>
			<lib_finder disable_auto="1" />
		</Extensions>
	</Project>
</CodeBlocks_project_file>
